
Microsoft Visual Studio Solution File, Format Version 12.00
# Visual Studio Version 16
VisualStudioVersion = 16.0.29409.12
MinimumVisualStudioVersion = 10.0.40219.1
Project("{9A19103F-16F7-4668-BE54-9A1E7A4F7556}") = "maddweb", "maddweb.csproj", "{0CF43712-E655-4416-B2A6-ECAA19D5F205}"
EndProject
Global
	GlobalSection(SolutionConfigurationPlatforms) = preSolution
		Debug|Any CPU = Debug|Any CPU
		Release|Any CPU = Release|Any CPU
	EndGlobalSection
	GlobalSection(ProjectConfigurationPlatforms) = postSolution
		{0CF43712-E655-4416-B2A6-ECAA19D5F205}.Debug|Any CPU.ActiveCfg = Debug|Any CPU
		{0CF43712-E655-4416-B2A6-ECAA19D5F205}.Debug|Any CPU.Build.0 = Debug|Any CPU
		{0CF43712-E655-4416-B2A6-ECAA19D5F205}.Release|Any CPU.ActiveCfg = Release|Any CPU
		{0CF43712-E655-4416-B2A6-ECAA19D5F205}.Release|Any CPU.Build.0 = Release|Any CPU
	EndGlobalSection
	GlobalSection(SolutionProperties) = preSolution
		HideSolutionNode = FALSE
	EndGlobalSection
	GlobalSection(ExtensibilityGlobals) = postSolution
		SolutionGuid = {53D87A80-ED25-4F13-9A70-5806B4160780}
	EndGlobalSection
EndGlobal
